
Microsoft Visual Studio Solution File, Format Version 12.00
# Visual Studio Version 16
VisualStudioVersion = 16.0.31424.327
MinimumVisualStudioVersion = 10.0.40219.1
Project("{FAE04EC0-301F-11D3-BF4B-00C04F79EFBC}") = "GSM Module Setup App", "GSM Module Setup App.csproj", "{A312FE61-626D-4FBA-B552-9497C5A4CC29}"
EndProject
Global
	GlobalSection(SolutionConfigurationPlatforms) = preSolution
		Debug|Any CPU = Debug|Any CPU
		Release|Any CPU = Release|Any CPU
	EndGlobalSection
	GlobalSection(ProjectConfigurationPlatforms) = postSolution
		{A312FE61-626D-4FBA-B552-9497C5A4CC29}.Debug|Any CPU.ActiveCfg = Debug|Any CPU
		{A312FE61-626D-4FBA-B552-9497C5A4CC29}.Debug|Any CPU.Build.0 = Debug|Any CPU
		{A312FE61-626D-4FBA-B552-9497C5A4CC29}.Release|Any CPU.ActiveCfg = Release|Any CPU
		{A312FE61-626D-4FBA-B552-9497C5A4CC29}.Release|Any CPU.Build.0 = Release|Any CPU
	EndGlobalSection
	GlobalSection(SolutionProperties) = preSolution
		HideSolutionNode = FALSE
	EndGlobalSection
	GlobalSection(ExtensibilityGlobals) = postSolution
		SolutionGuid = {458A3223-F214-4669-B1A5-DE9CF04D46E1}
	EndGlobalSection
EndGlobal
